
Microsoft Visual Studio Solution File, Format Version 11.00
# Visual Studio 2010
# SharpDevelop 4.4
Project("{FAE04EC0-301F-11D3-BF4B-00C04F79EFBC}") = "Segundo corte", "Segundo corte\Segundo corte.csproj", "{B5EA7A4B-7DFF-4F12-A12B-30BEC8E5A2A1}"
EndProject
Global
	GlobalSection(SolutionConfigurationPlatforms) = preSolution
		Debug|Any CPU = Debug|Any CPU
		Release|Any CPU = Release|Any CPU
	EndGlobalSection
	GlobalSection(ProjectConfigurationPlatforms) = postSolution
		{B5EA7A4B-7DFF-4F12-A12B-30BEC8E5A2A1}.Debug|Any CPU.Build.0 = Debug|Any CPU
		{B5EA7A4B-7DFF-4F12-A12B-30BEC8E5A2A1}.Debug|Any CPU.ActiveCfg = Debug|Any CPU
		{B5EA7A4B-7DFF-4F12-A12B-30BEC8E5A2A1}.Release|Any CPU.Build.0 = Release|Any CPU
		{B5EA7A4B-7DFF-4F12-A12B-30BEC8E5A2A1}.Release|Any CPU.ActiveCfg = Release|Any CPU
	EndGlobalSection
EndGlobal
